
Microsoft Visual Studio Solution File, Format Version 12.00
# Visual Studio 2013
VisualStudioVersion = 12.0.21005.1
MinimumVisualStudioVersion = 10.0.40219.1
Project("{FAE04EC0-301F-11D3-BF4B-00C04F79EFBC}") = "ModernMembership", "ModernMembership\ModernMembership.csproj", "{B254E7E0-3FD1-4CB3-B068-60EBED313C02}"
EndProject
Project("{FAE04EC0-301F-11D3-BF4B-00C04F79EFBC}") = "Tests", "Tests\Tests.csproj", "{08A8A7F8-E9CF-4379-BE78-8DDC50550FDB}"
EndProject
Project("{FAE04EC0-301F-11D3-BF4B-00C04F79EFBC}") = "ModernMembership.Authorization", "ModernMembership.Authorization\ModernMembership.Authorization.csproj", "{F3073B7C-8DE2-4DD7-AD86-94994D900B45}"
EndProject
Project("{FAE04EC0-301F-11D3-BF4B-00C04F79EFBC}") = "ModernMembership.Web", "ModernMembership.Web\ModernMembership.Web.csproj", "{DC623004-BEED-438D-BD36-F60ACC8D0FC0}"
EndProject
Project("{FAE04EC0-301F-11D3-BF4B-00C04F79EFBC}") = "ModernMembership.Web.Mvc", "ModernMembership.Web.Mvc\ModernMembership.Web.Mvc.csproj", "{2CDEFFA5-329C-4F4B-B9F7-F5FC191D0502}"
EndProject
Project("{FAE04EC0-301F-11D3-BF4B-00C04F79EFBC}") = "ModernMembership.SqlFu", "ModernMembership.SqlFu\ModernMembership.SqlFu.csproj", "{22ACEAA9-362D-4B7D-9611-7513B69F78E9}"
EndProject
Project("{2150E333-8FDC-42A3-9474-1A3956D46DE8}") = ".nuget", ".nuget", "{A91EC6E2-989D-42C8-B718-600D80B5AC24}"
	ProjectSection(SolutionItems) = preProject
		.nuget\packages.config = .nuget\packages.config
	EndProjectSection
EndProject
Global
	GlobalSection(SolutionConfigurationPlatforms) = preSolution
		Debug|Any CPU = Debug|Any CPU
		Release|Any CPU = Release|Any CPU
	EndGlobalSection
	GlobalSection(ProjectConfigurationPlatforms) = postSolution
		{B254E7E0-3FD1-4CB3-B068-60EBED313C02}.Debug|Any CPU.ActiveCfg = Debug|Any CPU
		{B254E7E0-3FD1-4CB3-B068-60EBED313C02}.Debug|Any CPU.Build.0 = Debug|Any CPU
		{B254E7E0-3FD1-4CB3-B068-60EBED313C02}.Release|Any CPU.ActiveCfg = Release|Any CPU
		{B254E7E0-3FD1-4CB3-B068-60EBED313C02}.Release|Any CPU.Build.0 = Release|Any CPU
		{08A8A7F8-E9CF-4379-BE78-8DDC50550FDB}.Debug|Any CPU.ActiveCfg = Debug|Any CPU
		{08A8A7F8-E9CF-4379-BE78-8DDC50550FDB}.Debug|Any CPU.Build.0 = Debug|Any CPU
		{08A8A7F8-E9CF-4379-BE78-8DDC50550FDB}.Release|Any CPU.ActiveCfg = Debug|Any CPU
		{F3073B7C-8DE2-4DD7-AD86-94994D900B45}.Debug|Any CPU.ActiveCfg = Debug|Any CPU
		{F3073B7C-8DE2-4DD7-AD86-94994D900B45}.Debug|Any CPU.Build.0 = Debug|Any CPU
		{F3073B7C-8DE2-4DD7-AD86-94994D900B45}.Release|Any CPU.ActiveCfg = Release|Any CPU
		{F3073B7C-8DE2-4DD7-AD86-94994D900B45}.Release|Any CPU.Build.0 = Release|Any CPU
		{DC623004-BEED-438D-BD36-F60ACC8D0FC0}.Debug|Any CPU.ActiveCfg = Debug|Any CPU
		{DC623004-BEED-438D-BD36-F60ACC8D0FC0}.Debug|Any CPU.Build.0 = Debug|Any CPU
		{DC623004-BEED-438D-BD36-F60ACC8D0FC0}.Release|Any CPU.ActiveCfg = Release|Any CPU
		{DC623004-BEED-438D-BD36-F60ACC8D0FC0}.Release|Any CPU.Build.0 = Release|Any CPU
		{2CDEFFA5-329C-4F4B-B9F7-F5FC191D0502}.Debug|Any CPU.ActiveCfg = Debug|Any CPU
		{2CDEFFA5-329C-4F4B-B9F7-F5FC191D0502}.Debug|Any CPU.Build.0 = Debug|Any CPU
		{2CDEFFA5-329C-4F4B-B9F7-F5FC191D0502}.Release|Any CPU.ActiveCfg = Release|Any CPU
		{2CDEFFA5-329C-4F4B-B9F7-F5FC191D0502}.Release|Any CPU.Build.0 = Release|Any CPU
		{22ACEAA9-362D-4B7D-9611-7513B69F78E9}.Debug|Any CPU.ActiveCfg = Debug|Any CPU
		{22ACEAA9-362D-4B7D-9611-7513B69F78E9}.Debug|Any CPU.Build.0 = Debug|Any CPU
		{22ACEAA9-362D-4B7D-9611-7513B69F78E9}.Release|Any CPU.ActiveCfg = Release|Any CPU
		{22ACEAA9-362D-4B7D-9611-7513B69F78E9}.Release|Any CPU.Build.0 = Release|Any CPU
	EndGlobalSection
	GlobalSection(SolutionProperties) = preSolution
		HideSolutionNode = FALSE
	EndGlobalSection
EndGlobal
